
Microsoft Visual Studio Solution File, Format Version 12.00
# Visual Studio 2012
Project("{FAE04EC0-301F-11D3-BF4B-00C04F79EFBC}") = "Week2CodeChallenge", "Week2CodeChallenge\Week2CodeChallenge.csproj", "{4FDD34B4-B99F-4F25-8E2B-04788E7B87C4}"
EndProject
Global
	GlobalSection(SolutionConfigurationPlatforms) = preSolution
		Debug|Any CPU = Debug|Any CPU
		Release|Any CPU = Release|Any CPU
	EndGlobalSection
	GlobalSection(ProjectConfigurationPlatforms) = postSolution
		{4FDD34B4-B99F-4F25-8E2B-04788E7B87C4}.Debug|Any CPU.ActiveCfg = Debug|Any CPU
		{4FDD34B4-B99F-4F25-8E2B-04788E7B87C4}.Debug|Any CPU.Build.0 = Debug|Any CPU
		{4FDD34B4-B99F-4F25-8E2B-04788E7B87C4}.Release|Any CPU.ActiveCfg = Release|Any CPU
		{4FDD34B4-B99F-4F25-8E2B-04788E7B87C4}.Release|Any CPU.Build.0 = Release|Any CPU
	EndGlobalSection
	GlobalSection(SolutionProperties) = preSolution
		HideSolutionNode = FALSE
	EndGlobalSection
EndGlobal
